PODS:
  - ai_barcode (0.0.1):
    - Flutter
    - MTBBarcodeScanner
  - connectivity (0.0.1):
    - Flutter
    - Reachability
  - Flutter (1.0.0)
  - flutter_beep (0.0.1):
    - Flutter
  - flutter_keyboard_visibility (0.0.1):
    - Flutter
  - hexcolor (0.0.1):
    - Flutter
  - MTBBarcodeScanner (5.0.11)
  - path_provider (0.0.1):
    - Flutter
  - "permission_handler (5.0.1+1)":
    - Flutter
  - Reachability (3.2)
  - webview_flutter (0.0.1):
    - Flutter

DEPENDENCIES:
  - ai_barcode (from `.symlinks/plugins/ai_barcode/ios`)
  - connectivity (from `.symlinks/plugins/connectivity/ios`)
  - Flutter (from `Flutter`)
  - flutter_beep (from `.symlinks/plugins/flutter_beep/ios`)
  - flutter_keyboard_visibility (from `.symlinks/plugins/flutter_keyboard_visibility/ios`)
  - hexcolor (from `.symlinks/plugins/hexcolor/ios`)
  - path_provider (from `.symlinks/plugins/path_provider/ios`)
  - permission_handler (from `.symlinks/plugins/permission_handler/ios`)
  - webview_flutter (from `.symlinks/plugins/webview_flutter/ios`)

SPEC REPOS:
  trunk:
    - MTBBarcodeScanner
    - Reachability

EXTERNAL SOURCES:
  ai_barcode:
    :path: ".symlinks/plugins/ai_barcode/ios"
  connectivity:
    :path: ".symlinks/plugins/connectivity/ios"
  Flutter:
    :path: Flutter
  flutter_beep:
    :path: ".symlinks/plugins/flutter_beep/ios"
  flutter_keyboard_visibility:
    :path: ".symlinks/plugins/flutter_keyboard_visibility/ios"
  hexcolor:
    :path: ".symlinks/plugins/hexcolor/ios"
  path_provider:
    :path: ".symlinks/plugins/path_provider/ios"
  permission_handler:
    :path: ".symlinks/plugins/permission_handler/ios"
  webview_flutter:
    :path: ".symlinks/plugins/webview_flutter/ios"

SPEC CHECKSUMS:
  ai_barcode: a415de3b4616800a963d265b292511f890a3649d
  connectivity: c4130b2985d4ef6fd26f9702e886bd5260681467
  Flutter: 0e3d915762c693b495b44d77113d4970485de6ec
  flutter_beep: 54fb393b22dfa0f0e4573c81b1c74dd71c4e5af8
  flutter_keyboard_visibility: 0339d06371254c3eb25eeb90ba8d17dca8f9c069
  hexcolor: fdfb9c4258ad96e949c2dbcdf790a62194b8aa89
  MTBBarcodeScanner: f453b33c4b7dfe545d8c6484ed744d55671788cb
  path_provider: abfe2b5c733d04e238b0d8691db0cfd63a27a93c
  permission_handler: eac8e15b4a1a3fba55b761d19f3f4e6b005d15b6
  Reachability: 33e18b67625424e47b6cde6d202dce689ad7af96
  webview_flutter: d2b4d6c66968ad042ad94cbb791f5b72b4678a96

PODFILE CHECKSUM: a75497545d4391e2d394c3668e20cfb1c2bbd4aa

COCOAPODS: 1.10.1
